
Microsoft Visual Studio Solution File, Format Version 12.00
# Visual Studio Version 17
VisualStudioVersion = 17.14.36414.22 d17.14
MinimumVisualStudioVersion = 10.0.40219.1
Project("{FAE04EC0-301F-11D3-BF4B-00C04F79EFBC}") = "LedgerDemo", "LedgerDemo.csproj", "{0243CDD0-4DA1-4462-816E-B6B713C86990}"
EndProject
Global
	GlobalSection(SolutionConfigurationPlatforms) = preSolution
		Debug|Any CPU = Debug|Any CPU
		Release|Any CPU = Release|Any CPU
	EndGlobalSection
	GlobalSection(ProjectConfigurationPlatforms) = postSolution
		{0243CDD0-4DA1-4462-816E-B6B713C86990}.Debug|Any CPU.ActiveCfg = Debug|Any CPU
		{0243CDD0-4DA1-4462-816E-B6B713C86990}.Debug|Any CPU.Build.0 = Debug|Any CPU
		{0243CDD0-4DA1-4462-816E-B6B713C86990}.Release|Any CPU.ActiveCfg = Release|Any CPU
		{0243CDD0-4DA1-4462-816E-B6B713C86990}.Release|Any CPU.Build.0 = Release|Any CPU
	EndGlobalSection
	GlobalSection(SolutionProperties) = preSolution
		HideSolutionNode = FALSE
	EndGlobalSection
	GlobalSection(ExtensibilityGlobals) = postSolution
		SolutionGuid = {BC961507-0272-4DE8-A3DC-9FFFB7F7E784}
	EndGlobalSection
EndGlobal
